
Microsoft Visual Studio Solution File, Format Version 12.00
# Visual Studio Version 17
VisualStudioVersion = 17.3.32929.385
MinimumVisualStudioVersion = 10.0.40219.1
Project("{9A19103F-16F7-4668-BE54-9A1E7A4F7556}") = "shopping.client", "shopping.client\shopping.client.csproj", "{D2995B38-995A-4E9F-A47E-964EB46F8C50}"
EndProject
Project("{FAE04EC0-301F-11D3-BF4B-00C04F79EFBC}") = "shopping.api", "shopping.api\shopping.api.csproj", "{678E70B8-0382-4FFB-B982-DA2D8AAA741F}"
EndProject
Project("{E53339B2-1760-4266-BCC7-CA923CBCF16C}") = "docker-compose", "docker-compose.dcproj", "{F8E6679B-F712-41D0-80B0-5D3FE4C34EF0}"
EndProject
Global
	GlobalSection(SolutionConfigurationPlatforms) = preSolution
		Debug|Any CPU = Debug|Any CPU
		Release|Any CPU = Release|Any CPU
	EndGlobalSection
	GlobalSection(ProjectConfigurationPlatforms) = postSolution
		{D2995B38-995A-4E9F-A47E-964EB46F8C50}.Debug|Any CPU.ActiveCfg = Debug|Any CPU
		{D2995B38-995A-4E9F-A47E-964EB46F8C50}.Debug|Any CPU.Build.0 = Debug|Any CPU
		{D2995B38-995A-4E9F-A47E-964EB46F8C50}.Release|Any CPU.ActiveCfg = Release|Any CPU
		{D2995B38-995A-4E9F-A47E-964EB46F8C50}.Release|Any CPU.Build.0 = Release|Any CPU
		{678E70B8-0382-4FFB-B982-DA2D8AAA741F}.Debug|Any CPU.ActiveCfg = Debug|Any CPU
		{678E70B8-0382-4FFB-B982-DA2D8AAA741F}.Debug|Any CPU.Build.0 = Debug|Any CPU
		{678E70B8-0382-4FFB-B982-DA2D8AAA741F}.Release|Any CPU.ActiveCfg = Release|Any CPU
		{678E70B8-0382-4FFB-B982-DA2D8AAA741F}.Release|Any CPU.Build.0 = Release|Any CPU
		{F8E6679B-F712-41D0-80B0-5D3FE4C34EF0}.Debug|Any CPU.ActiveCfg = Debug|Any CPU
		{F8E6679B-F712-41D0-80B0-5D3FE4C34EF0}.Debug|Any CPU.Build.0 = Debug|Any CPU
		{F8E6679B-F712-41D0-80B0-5D3FE4C34EF0}.Release|Any CPU.ActiveCfg = Release|Any CPU
		{F8E6679B-F712-41D0-80B0-5D3FE4C34EF0}.Release|Any CPU.Build.0 = Release|Any CPU
	EndGlobalSection
	GlobalSection(SolutionProperties) = preSolution
		HideSolutionNode = FALSE
	EndGlobalSection
	GlobalSection(ExtensibilityGlobals) = postSolution
		SolutionGuid = {00EDCA4E-2114-4E1D-8E42-BB07209CAEB7}
	EndGlobalSection
EndGlobal
